
Microsoft Visual Studio Solution File, Format Version 12.00
# Visual Studio Version 16
VisualStudioVersion = 16.0.31729.503
MinimumVisualStudioVersion = 10.0.40219.1
Project("{FAE04EC0-301F-11D3-BF4B-00C04F79EFBC}") = "Laba№2 OOП", "Laba№2 OOП\Laba№2 OOП.csproj", "{5B736373-9947-42A2-A0C2-338AE467B71E}"
EndProject
Project("{FAE04EC0-301F-11D3-BF4B-00C04F79EFBC}") = "Laba№2(2)ООП", "Laba№2(2)ООП\Laba№2(2)ООП.csproj", "{B3814886-454A-4B38-8744-FFE75BC4B01A}"
EndProject
Project("{FAE04EC0-301F-11D3-BF4B-00C04F79EFBC}") = "Laba№2(3)ООП", "Laba№2(3)ООП\Laba№2(3)ООП.csproj", "{6185332D-656F-44D7-BC2D-02666E587335}"
EndProject
Project("{FAE04EC0-301F-11D3-BF4B-00C04F79EFBC}") = "Laba№2(4)ООП", "Laba№2(4)ООП\Laba№2(4)ООП.csproj", "{0BBD880C-3980-4E99-B15B-0D7E8402AAFC}"
EndProject
Global
	GlobalSection(SolutionConfigurationPlatforms) = preSolution
		Debug|Any CPU = Debug|Any CPU
		Release|Any CPU = Release|Any CPU
	EndGlobalSection
	GlobalSection(ProjectConfigurationPlatforms) = postSolution
		{5B736373-9947-42A2-A0C2-338AE467B71E}.Debug|Any CPU.ActiveCfg = Debug|Any CPU
		{5B736373-9947-42A2-A0C2-338AE467B71E}.Debug|Any CPU.Build.0 = Debug|Any CPU
		{5B736373-9947-42A2-A0C2-338AE467B71E}.Release|Any CPU.ActiveCfg = Release|Any CPU
		{5B736373-9947-42A2-A0C2-338AE467B71E}.Release|Any CPU.Build.0 = Release|Any CPU
		{B3814886-454A-4B38-8744-FFE75BC4B01A}.Debug|Any CPU.ActiveCfg = Debug|Any CPU
		{B3814886-454A-4B38-8744-FFE75BC4B01A}.Debug|Any CPU.Build.0 = Debug|Any CPU
		{B3814886-454A-4B38-8744-FFE75BC4B01A}.Release|Any CPU.ActiveCfg = Release|Any CPU
		{B3814886-454A-4B38-8744-FFE75BC4B01A}.Release|Any CPU.Build.0 = Release|Any CPU
		{6185332D-656F-44D7-BC2D-02666E587335}.Debug|Any CPU.ActiveCfg = Debug|Any CPU
		{6185332D-656F-44D7-BC2D-02666E587335}.Debug|Any CPU.Build.0 = Debug|Any CPU
		{6185332D-656F-44D7-BC2D-02666E587335}.Release|Any CPU.ActiveCfg = Release|Any CPU
		{6185332D-656F-44D7-BC2D-02666E587335}.Release|Any CPU.Build.0 = Release|Any CPU
		{0BBD880C-3980-4E99-B15B-0D7E8402AAFC}.Debug|Any CPU.ActiveCfg = Debug|Any CPU
		{0BBD880C-3980-4E99-B15B-0D7E8402AAFC}.Debug|Any CPU.Build.0 = Debug|Any CPU
		{0BBD880C-3980-4E99-B15B-0D7E8402AAFC}.Release|Any CPU.ActiveCfg = Release|Any CPU
		{0BBD880C-3980-4E99-B15B-0D7E8402AAFC}.Release|Any CPU.Build.0 = Release|Any CPU
	EndGlobalSection
	GlobalSection(SolutionProperties) = preSolution
		HideSolutionNode = FALSE
	EndGlobalSection
	GlobalSection(ExtensibilityGlobals) = postSolution
		SolutionGuid = {1C4B7105-A52D-40EC-B6F8-0F3EC69020C0}
	EndGlobalSection
EndGlobal
